Microsoft Visual Studio Solution File, Format Version 12.00
# Visual Studio Version 16
VisualStudioVersion = 16.0.29215.179
MinimumVisualStudioVersion = 10.0.40219.1
Project("{9A19103F-16F7-4668-BE54-9A1E7A4F7556}") = "OouiSignalRSample", "OouiSignalRSample\OouiSignalRSample.csproj", "{57215220-7C52-4C37-93C9-DF42FBF9479C}"
EndProject
Global
	GlobalSection(SolutionConfigurationPlatforms) = preSolution
		Debug|Any CPU = Debug|Any CPU
		Release|Any CPU = Release|Any CPU
	EndGlobalSection
	GlobalSection(ProjectConfigurationPlatforms) = postSolution
		{57215220-7C52-4C37-93C9-DF42FBF9479C}.Debug|Any CPU.ActiveCfg = Debug|Any CPU
		{57215220-7C52-4C37-93C9-DF42FBF9479C}.Debug|Any CPU.Build.0 = Debug|Any CPU
		{57215220-7C52-4C37-93C9-DF42FBF9479C}.Release|Any CPU.ActiveCfg = Release|Any CPU
		{57215220-7C52-4C37-93C9-DF42FBF9479C}.Release|Any CPU.Build.0 = Release|Any CPU
	EndGlobalSection
	GlobalSection(SolutionProperties) = preSolution
		HideSolutionNode = FALSE
	EndGlobalSection
	GlobalSection(ExtensibilityGlobals) = postSolution
		SolutionGuid = {45EB72ED-5CB4-43B6-924A-5D9F6515A6DB}
	EndGlobalSection
EndGlobal
